
Microsoft Visual Studio Solution File, Format Version 12.00
# Visual Studio Version 17
VisualStudioVersion = 17.6.33723.286
MinimumVisualStudioVersion = 10.0.40219.1
Project("{FAE04EC0-301F-11D3-BF4B-00C04F79EFBC}") = "BE_DashBoard", "BE_DashBoard\BE_DashBoard.csproj", "{04E0BAF4-2F83-41AF-B444-FFDF26EE671D}"
EndProject
Global
	GlobalSection(SolutionConfigurationPlatforms) = preSolution
		Debug|Any CPU = Debug|Any CPU
		Release|Any CPU = Release|Any CPU
	EndGlobalSection
	GlobalSection(ProjectConfigurationPlatforms) = postSolution
		{04E0BAF4-2F83-41AF-B444-FFDF26EE671D}.Debug|Any CPU.ActiveCfg = Debug|Any CPU
		{04E0BAF4-2F83-41AF-B444-FFDF26EE671D}.Debug|Any CPU.Build.0 = Debug|Any CPU
		{04E0BAF4-2F83-41AF-B444-FFDF26EE671D}.Release|Any CPU.ActiveCfg = Release|Any CPU
		{04E0BAF4-2F83-41AF-B444-FFDF26EE671D}.Release|Any CPU.Build.0 = Release|Any CPU
	EndGlobalSection
	GlobalSection(SolutionProperties) = preSolution
		HideSolutionNode = FALSE
	EndGlobalSection
	GlobalSection(ExtensibilityGlobals) = postSolution
		SolutionGuid = {05866755-B696-4333-93A4-123883B8C79D}
	EndGlobalSection
EndGlobal
